
Microsoft Visual Studio Solution File, Format Version 12.00
# Visual Studio 15
VisualStudioVersion = 15.0.27703.2042
MinimumVisualStudioVersion = 10.0.40219.1
Project("{9A19103F-16F7-4668-BE54-9A1E7A4F7556}") = "ExecutionEngineConsoleApp", "ExecutionEngineConsoleApp\ExecutionEngineConsoleApp.csproj", "{14283441-97D0-4CE9-9818-94ADBE0043E4}"
EndProject
Project("{FAE04EC0-301F-11D3-BF4B-00C04F79EFBC}") = "ExecutionEngineWindowsService", "ExecutionEngineWindowsService\ExecutionEngineWindowsService.csproj", "{EA74A2BE-11D1-45A3-82D4-30F033417ED5}"
EndProject
Project("{9A19103F-16F7-4668-BE54-9A1E7A4F7556}") = "ExecutionEngineLibrary", "ExecutionEngineLibrary\ExecutionEngineLibrary.csproj", "{ECAD7E86-044C-44AC-BA67-44E7A31F31C1}"
EndProject
Project("{9A19103F-16F7-4668-BE54-9A1E7A4F7556}") = "MqWrapper", "..\MqWrapper\MqWrapper\MqWrapper.csproj", "{35D84B4E-5F96-4085-A47D-76098497867C}"
EndProject
Global
	GlobalSection(SolutionConfigurationPlatforms) = preSolution
		Debug|Any CPU = Debug|Any CPU
		Release|Any CPU = Release|Any CPU
	EndGlobalSection
	GlobalSection(ProjectConfigurationPlatforms) = postSolution
		{14283441-97D0-4CE9-9818-94ADBE0043E4}.Debug|Any CPU.ActiveCfg = Debug|Any CPU
		{14283441-97D0-4CE9-9818-94ADBE0043E4}.Debug|Any CPU.Build.0 = Debug|Any CPU
		{14283441-97D0-4CE9-9818-94ADBE0043E4}.Release|Any CPU.ActiveCfg = Release|Any CPU
		{14283441-97D0-4CE9-9818-94ADBE0043E4}.Release|Any CPU.Build.0 = Release|Any CPU
		{EA74A2BE-11D1-45A3-82D4-30F033417ED5}.Debug|Any CPU.ActiveCfg = Debug|Any CPU
		{EA74A2BE-11D1-45A3-82D4-30F033417ED5}.Debug|Any CPU.Build.0 = Debug|Any CPU
		{EA74A2BE-11D1-45A3-82D4-30F033417ED5}.Release|Any CPU.ActiveCfg = Release|Any CPU
		{EA74A2BE-11D1-45A3-82D4-30F033417ED5}.Release|Any CPU.Build.0 = Release|Any CPU
		{ECAD7E86-044C-44AC-BA67-44E7A31F31C1}.Debug|Any CPU.ActiveCfg = Debug|Any CPU
		{ECAD7E86-044C-44AC-BA67-44E7A31F31C1}.Debug|Any CPU.Build.0 = Debug|Any CPU
		{ECAD7E86-044C-44AC-BA67-44E7A31F31C1}.Release|Any CPU.ActiveCfg = Release|Any CPU
		{ECAD7E86-044C-44AC-BA67-44E7A31F31C1}.Release|Any CPU.Build.0 = Release|Any CPU
		{35D84B4E-5F96-4085-A47D-76098497867C}.Debug|Any CPU.ActiveCfg = Debug|Any CPU
		{35D84B4E-5F96-4085-A47D-76098497867C}.Debug|Any CPU.Build.0 = Debug|Any CPU
		{35D84B4E-5F96-4085-A47D-76098497867C}.Release|Any CPU.ActiveCfg = Release|Any CPU
		{35D84B4E-5F96-4085-A47D-76098497867C}.Release|Any CPU.Build.0 = Release|Any CPU
	EndGlobalSection
	GlobalSection(SolutionProperties) = preSolution
		HideSolutionNode = FALSE
	EndGlobalSection
	GlobalSection(ExtensibilityGlobals) = postSolution
		SolutionGuid = {29D2D643-93B9-41B5-94AA-17307242D867}
	EndGlobalSection
EndGlobal
